
Microsoft Visual Studio Solution File, Format Version 12.00
# Visual Studio 15
VisualStudioVersion = 15.0.26124.0
MinimumVisualStudioVersion = 15.0.26124.0
Project("{F2A71F9B-5D33-465A-A702-920D77279786}") = "EoS.Core", "EoS.Core\EoS.Core.fsproj", "{3BCB9381-56A4-411E-8B6A-464E0B8EE277}"
EndProject
Project("{F2A71F9B-5D33-465A-A702-920D77279786}") = "EoS.Core.Test", "EoS.Core.Test\EoS.Core.Test.fsproj", "{948646C9-E935-41F8-B515-C3E9A91FD8F4}"
EndProject
Project("{F2A71F9B-5D33-465A-A702-920D77279786}") = "EoS.DebyeModel", "EoS.DebyeModel\EoS.DebyeModel.fsproj", "{FAD3F1DE-741E-46D7-83D7-53DF755B9A6C}"
EndProject
Project("{F2A71F9B-5D33-465A-A702-920D77279786}") = "EoS.DebyeModel.Test", "EoS.DebyeModel.Test\EoS.DebyeModel.Test.fsproj", "{B7474C27-131E-4669-B017-C45669120486}"
EndProject
Project("{F2A71F9B-5D33-465A-A702-920D77279786}") = "EoS.PolynomialModel", "EoS.PolynomialModel\EoS.PolynomialModel.fsproj", "{77471663-DE6B-4C5F-A31E-B31DB34235B0}"
EndProject
Project("{F2A71F9B-5D33-465A-A702-920D77279786}") = "EoS.PolynomialModel.Test", "EoS.PolynomialModel.Test\EoS.PolynomialModel.Test.fsproj", "{DD9BFD35-8D8F-4A7E-810C-6CACC06DF1A3}"
EndProject
Project("{F2A71F9B-5D33-465A-A702-920D77279786}") = "EoS.Optimization", "EoS.Optimization\EoS.Optimization.fsproj", "{283E6519-311C-4D64-B15E-DAC7F00A08DC}"
EndProject
Project("{F2A71F9B-5D33-465A-A702-920D77279786}") = "EoS.Optimization.Test", "EoS.Optimization.Test\EoS.Optimization.Test.fsproj", "{162CA58F-8D11-4545-9ADC-B5E44EFC1A9C}"
EndProject
Project("{F2A71F9B-5D33-465A-A702-920D77279786}") = "EoS.CommandLine", "EoS.CommandLine\EoS.CommandLine.fsproj", "{96702256-B9E4-45DA-B575-7E3A52289091}"
EndProject
Project("{F2A71F9B-5D33-465A-A702-920D77279786}") = "EoS.Slackbot", "EoS.Slackbot\EoS.Slackbot.fsproj", "{0EC5C5BB-1A28-4B76-8B80-55216D47CF7A}"
EndProject
Project("{F2A71F9B-5D33-465A-A702-920D77279786}") = "EoS.DocumentationTool", "EoS.DocumentationTool\EoS.DocumentationTool.fsproj", "{9871478F-66F7-4FF2-B58D-F163F8B4791F}"
EndProject
Project("{F2A71F9B-5D33-465A-A702-920D77279786}") = "EoS.CommandLineTool", "EoS.CommandLineTool\EoS.CommandLineTool.fsproj", "{93BF19AB-7805-4628-98BB-62914552D587}"
EndProject
Project("{2150E333-8FDC-42A3-9474-1A3956D46DE8}") = "Tools", "Tools", "{DCB6DBC1-8667-4043-BD98-636D71730EB0}"
EndProject
Project("{2150E333-8FDC-42A3-9474-1A3956D46DE8}") = "Libraries", "Libraries", "{A2AA0787-FB2E-45FA-B20D-B6B259981E1B}"
EndProject
Project("{2150E333-8FDC-42A3-9474-1A3956D46DE8}") = "Tests", "Tests", "{971EFA14-45DD-4B22-8579-A91248643DDA}"
EndProject
Project("{2150E333-8FDC-42A3-9474-1A3956D46DE8}") = "Global", "Global", "{7ED666DC-525A-4A9F-9FAB-B0DACBED12D5}"
	ProjectSection(SolutionItems) = preProject
		LICENSE.txt = LICENSE.txt
		README.md = README.md
		global.json = global.json
		BuildAndTest.ps1 = BuildAndTest.ps1
		BundleAndZip.ps1 = BundleAndZip.ps1
	EndProjectSection
EndProject
Global
	GlobalSection(SolutionConfigurationPlatforms) = preSolution
		Debug|Any CPU = Debug|Any CPU
		Debug|x64 = Debug|x64
		Debug|x86 = Debug|x86
		Release|Any CPU = Release|Any CPU
		Release|x64 = Release|x64
		Release|x86 = Release|x86
	EndGlobalSection
	GlobalSection(SolutionProperties) = preSolution
		HideSolutionNode = FALSE
	EndGlobalSection
	GlobalSection(ProjectConfigurationPlatforms) = postSolution
		{3BCB9381-56A4-411E-8B6A-464E0B8EE277}.Debug|Any CPU.ActiveCfg = Debug|Any CPU
		{3BCB9381-56A4-411E-8B6A-464E0B8EE277}.Debug|Any CPU.Build.0 = Debug|Any CPU
		{3BCB9381-56A4-411E-8B6A-464E0B8EE277}.Debug|x64.ActiveCfg = Debug|x64
		{3BCB9381-56A4-411E-8B6A-464E0B8EE277}.Debug|x64.Build.0 = Debug|x64
		{3BCB9381-56A4-411E-8B6A-464E0B8EE277}.Debug|x86.ActiveCfg = Debug|x86
		{3BCB9381-56A4-411E-8B6A-464E0B8EE277}.Debug|x86.Build.0 = Debug|x86
		{3BCB9381-56A4-411E-8B6A-464E0B8EE277}.Release|Any CPU.ActiveCfg = Release|Any CPU
		{3BCB9381-56A4-411E-8B6A-464E0B8EE277}.Release|Any CPU.Build.0 = Release|Any CPU
		{3BCB9381-56A4-411E-8B6A-464E0B8EE277}.Release|x64.ActiveCfg = Release|x64
		{3BCB9381-56A4-411E-8B6A-464E0B8EE277}.Release|x64.Build.0 = Release|x64
		{3BCB9381-56A4-411E-8B6A-464E0B8EE277}.Release|x86.ActiveCfg = Release|x86
		{3BCB9381-56A4-411E-8B6A-464E0B8EE277}.Release|x86.Build.0 = Release|x86
		{948646C9-E935-41F8-B515-C3E9A91FD8F4}.Debug|Any CPU.ActiveCfg = Debug|Any CPU
		{948646C9-E935-41F8-B515-C3E9A91FD8F4}.Debug|Any CPU.Build.0 = Debug|Any CPU
		{948646C9-E935-41F8-B515-C3E9A91FD8F4}.Debug|x64.ActiveCfg = Debug|x64
		{948646C9-E935-41F8-B515-C3E9A91FD8F4}.Debug|x64.Build.0 = Debug|x64
		{948646C9-E935-41F8-B515-C3E9A91FD8F4}.Debug|x86.ActiveCfg = Debug|x86
		{948646C9-E935-41F8-B515-C3E9A91FD8F4}.Debug|x86.Build.0 = Debug|x86
		{948646C9-E935-41F8-B515-C3E9A91FD8F4}.Release|Any CPU.ActiveCfg = Release|Any CPU
		{948646C9-E935-41F8-B515-C3E9A91FD8F4}.Release|Any CPU.Build.0 = Release|Any CPU
		{948646C9-E935-41F8-B515-C3E9A91FD8F4}.Release|x64.ActiveCfg = Release|x64
		{948646C9-E935-41F8-B515-C3E9A91FD8F4}.Release|x64.Build.0 = Release|x64
		{948646C9-E935-41F8-B515-C3E9A91FD8F4}.Release|x86.ActiveCfg = Release|x86
		{948646C9-E935-41F8-B515-C3E9A91FD8F4}.Release|x86.Build.0 = Release|x86
		{FAD3F1DE-741E-46D7-83D7-53DF755B9A6C}.Debug|Any CPU.ActiveCfg = Debug|Any CPU
		{FAD3F1DE-741E-46D7-83D7-53DF755B9A6C}.Debug|Any CPU.Build.0 = Debug|Any CPU
		{FAD3F1DE-741E-46D7-83D7-53DF755B9A6C}.Debug|x64.ActiveCfg = Debug|x64
		{FAD3F1DE-741E-46D7-83D7-53DF755B9A6C}.Debug|x64.Build.0 = Debug|x64
		{FAD3F1DE-741E-46D7-83D7-53DF755B9A6C}.Debug|x86.ActiveCfg = Debug|x86
		{FAD3F1DE-741E-46D7-83D7-53DF755B9A6C}.Debug|x86.Build.0 = Debug|x86
		{FAD3F1DE-741E-46D7-83D7-53DF755B9A6C}.Release|Any CPU.ActiveCfg = Release|Any CPU
		{FAD3F1DE-741E-46D7-83D7-53DF755B9A6C}.Release|Any CPU.Build.0 = Release|Any CPU
		{FAD3F1DE-741E-46D7-83D7-53DF755B9A6C}.Release|x64.ActiveCfg = Release|x64
		{FAD3F1DE-741E-46D7-83D7-53DF755B9A6C}.Release|x64.Build.0 = Release|x64
		{FAD3F1DE-741E-46D7-83D7-53DF755B9A6C}.Release|x86.ActiveCfg = Release|x86
		{FAD3F1DE-741E-46D7-83D7-53DF755B9A6C}.Release|x86.Build.0 = Release|x86
		{B7474C27-131E-4669-B017-C45669120486}.Debug|Any CPU.ActiveCfg = Debug|Any CPU
		{B7474C27-131E-4669-B017-C45669120486}.Debug|Any CPU.Build.0 = Debug|Any CPU
		{B7474C27-131E-4669-B017-C45669120486}.Debug|x64.ActiveCfg = Debug|x64
		{B7474C27-131E-4669-B017-C45669120486}.Debug|x64.Build.0 = Debug|x64
		{B7474C27-131E-4669-B017-C45669120486}.Debug|x86.ActiveCfg = Debug|x86
		{B7474C27-131E-4669-B017-C45669120486}.Debug|x86.Build.0 = Debug|x86
		{B7474C27-131E-4669-B017-C45669120486}.Release|Any CPU.ActiveCfg = Release|Any CPU
		{B7474C27-131E-4669-B017-C45669120486}.Release|Any CPU.Build.0 = Release|Any CPU
		{B7474C27-131E-4669-B017-C45669120486}.Release|x64.ActiveCfg = Release|x64
		{B7474C27-131E-4669-B017-C45669120486}.Release|x64.Build.0 = Release|x64
		{B7474C27-131E-4669-B017-C45669120486}.Release|x86.ActiveCfg = Release|x86
		{B7474C27-131E-4669-B017-C45669120486}.Release|x86.Build.0 = Release|x86
		{77471663-DE6B-4C5F-A31E-B31DB34235B0}.Debug|Any CPU.ActiveCfg = Debug|Any CPU
		{77471663-DE6B-4C5F-A31E-B31DB34235B0}.Debug|Any CPU.Build.0 = Debug|Any CPU
		{77471663-DE6B-4C5F-A31E-B31DB34235B0}.Debug|x64.ActiveCfg = Debug|x64
		{77471663-DE6B-4C5F-A31E-B31DB34235B0}.Debug|x64.Build.0 = Debug|x64
		{77471663-DE6B-4C5F-A31E-B31DB34235B0}.Debug|x86.ActiveCfg = Debug|x86
		{77471663-DE6B-4C5F-A31E-B31DB34235B0}.Debug|x86.Build.0 = Debug|x86
		{77471663-DE6B-4C5F-A31E-B31DB34235B0}.Release|Any CPU.ActiveCfg = Release|Any CPU
		{77471663-DE6B-4C5F-A31E-B31DB34235B0}.Release|Any CPU.Build.0 = Release|Any CPU
		{77471663-DE6B-4C5F-A31E-B31DB34235B0}.Release|x64.ActiveCfg = Release|x64
		{77471663-DE6B-4C5F-A31E-B31DB34235B0}.Release|x64.Build.0 = Release|x64
		{77471663-DE6B-4C5F-A31E-B31DB34235B0}.Release|x86.ActiveCfg = Release|x86
		{77471663-DE6B-4C5F-A31E-B31DB34235B0}.Release|x86.Build.0 = Release|x86
		{DD9BFD35-8D8F-4A7E-810C-6CACC06DF1A3}.Debug|Any CPU.ActiveCfg = Debug|Any CPU
		{DD9BFD35-8D8F-4A7E-810C-6CACC06DF1A3}.Debug|Any CPU.Build.0 = Debug|Any CPU
		{DD9BFD35-8D8F-4A7E-810C-6CACC06DF1A3}.Debug|x64.ActiveCfg = Debug|x64
		{DD9BFD35-8D8F-4A7E-810C-6CACC06DF1A3}.Debug|x64.Build.0 = Debug|x64
		{DD9BFD35-8D8F-4A7E-810C-6CACC06DF1A3}.Debug|x86.ActiveCfg = Debug|x86
		{DD9BFD35-8D8F-4A7E-810C-6CACC06DF1A3}.Debug|x86.Build.0 = Debug|x86
		{DD9BFD35-8D8F-4A7E-810C-6CACC06DF1A3}.Release|Any CPU.ActiveCfg = Release|Any CPU
		{DD9BFD35-8D8F-4A7E-810C-6CACC06DF1A3}.Release|Any CPU.Build.0 = Release|Any CPU
		{DD9BFD35-8D8F-4A7E-810C-6CACC06DF1A3}.Release|x64.ActiveCfg = Release|x64
		{DD9BFD35-8D8F-4A7E-810C-6CACC06DF1A3}.Release|x64.Build.0 = Release|x64
		{DD9BFD35-8D8F-4A7E-810C-6CACC06DF1A3}.Release|x86.ActiveCfg = Release|x86
		{DD9BFD35-8D8F-4A7E-810C-6CACC06DF1A3}.Release|x86.Build.0 = Release|x86
		{283E6519-311C-4D64-B15E-DAC7F00A08DC}.Debug|Any CPU.ActiveCfg = Debug|Any CPU
		{283E6519-311C-4D64-B15E-DAC7F00A08DC}.Debug|Any CPU.Build.0 = Debug|Any CPU
		{283E6519-311C-4D64-B15E-DAC7F00A08DC}.Debug|x64.ActiveCfg = Debug|x64
		{283E6519-311C-4D64-B15E-DAC7F00A08DC}.Debug|x64.Build.0 = Debug|x64
		{283E6519-311C-4D64-B15E-DAC7F00A08DC}.Debug|x86.ActiveCfg = Debug|x86
		{283E6519-311C-4D64-B15E-DAC7F00A08DC}.Debug|x86.Build.0 = Debug|x86
		{283E6519-311C-4D64-B15E-DAC7F00A08DC}.Release|Any CPU.ActiveCfg = Release|Any CPU
		{283E6519-311C-4D64-B15E-DAC7F00A08DC}.Release|Any CPU.Build.0 = Release|Any CPU
		{283E6519-311C-4D64-B15E-DAC7F00A08DC}.Release|x64.ActiveCfg = Release|x64
		{283E6519-311C-4D64-B15E-DAC7F00A08DC}.Release|x64.Build.0 = Release|x64
		{283E6519-311C-4D64-B15E-DAC7F00A08DC}.Release|x86.ActiveCfg = Release|x86
		{283E6519-311C-4D64-B15E-DAC7F00A08DC}.Release|x86.Build.0 = Release|x86
		{162CA58F-8D11-4545-9ADC-B5E44EFC1A9C}.Debug|Any CPU.ActiveCfg = Debug|Any CPU
		{162CA58F-8D11-4545-9ADC-B5E44EFC1A9C}.Debug|Any CPU.Build.0 = Debug|Any CPU
		{162CA58F-8D11-4545-9ADC-B5E44EFC1A9C}.Debug|x64.ActiveCfg = Debug|x64
		{162CA58F-8D11-4545-9ADC-B5E44EFC1A9C}.Debug|x64.Build.0 = Debug|x64
		{162CA58F-8D11-4545-9ADC-B5E44EFC1A9C}.Debug|x86.ActiveCfg = Debug|x86
		{162CA58F-8D11-4545-9ADC-B5E44EFC1A9C}.Debug|x86.Build.0 = Debug|x86
		{162CA58F-8D11-4545-9ADC-B5E44EFC1A9C}.Release|Any CPU.ActiveCfg = Release|Any CPU
		{162CA58F-8D11-4545-9ADC-B5E44EFC1A9C}.Release|Any CPU.Build.0 = Release|Any CPU
		{162CA58F-8D11-4545-9ADC-B5E44EFC1A9C}.Release|x64.ActiveCfg = Release|x64
		{162CA58F-8D11-4545-9ADC-B5E44EFC1A9C}.Release|x64.Build.0 = Release|x64
		{162CA58F-8D11-4545-9ADC-B5E44EFC1A9C}.Release|x86.ActiveCfg = Release|x86
		{162CA58F-8D11-4545-9ADC-B5E44EFC1A9C}.Release|x86.Build.0 = Release|x86
		{96702256-B9E4-45DA-B575-7E3A52289091}.Debug|Any CPU.ActiveCfg = Debug|Any CPU
		{96702256-B9E4-45DA-B575-7E3A52289091}.Debug|Any CPU.Build.0 = Debug|Any CPU
		{96702256-B9E4-45DA-B575-7E3A52289091}.Debug|x64.ActiveCfg = Debug|x64
		{96702256-B9E4-45DA-B575-7E3A52289091}.Debug|x64.Build.0 = Debug|x64
		{96702256-B9E4-45DA-B575-7E3A52289091}.Debug|x86.ActiveCfg = Debug|x86
		{96702256-B9E4-45DA-B575-7E3A52289091}.Debug|x86.Build.0 = Debug|x86
		{96702256-B9E4-45DA-B575-7E3A52289091}.Release|Any CPU.ActiveCfg = Release|Any CPU
		{96702256-B9E4-45DA-B575-7E3A52289091}.Release|Any CPU.Build.0 = Release|Any CPU
		{96702256-B9E4-45DA-B575-7E3A52289091}.Release|x64.ActiveCfg = Release|x64
		{96702256-B9E4-45DA-B575-7E3A52289091}.Release|x64.Build.0 = Release|x64
		{96702256-B9E4-45DA-B575-7E3A52289091}.Release|x86.ActiveCfg = Release|x86
		{96702256-B9E4-45DA-B575-7E3A52289091}.Release|x86.Build.0 = Release|x86
		{0EC5C5BB-1A28-4B76-8B80-55216D47CF7A}.Debug|Any CPU.ActiveCfg = Debug|Any CPU
		{0EC5C5BB-1A28-4B76-8B80-55216D47CF7A}.Debug|Any CPU.Build.0 = Debug|Any CPU
		{0EC5C5BB-1A28-4B76-8B80-55216D47CF7A}.Debug|x64.ActiveCfg = Debug|x64
		{0EC5C5BB-1A28-4B76-8B80-55216D47CF7A}.Debug|x64.Build.0 = Debug|x64
		{0EC5C5BB-1A28-4B76-8B80-55216D47CF7A}.Debug|x86.ActiveCfg = Debug|x86
		{0EC5C5BB-1A28-4B76-8B80-55216D47CF7A}.Debug|x86.Build.0 = Debug|x86
		{0EC5C5BB-1A28-4B76-8B80-55216D47CF7A}.Release|Any CPU.ActiveCfg = Release|Any CPU
		{0EC5C5BB-1A28-4B76-8B80-55216D47CF7A}.Release|Any CPU.Build.0 = Release|Any CPU
		{0EC5C5BB-1A28-4B76-8B80-55216D47CF7A}.Release|x64.ActiveCfg = Release|x64
		{0EC5C5BB-1A28-4B76-8B80-55216D47CF7A}.Release|x64.Build.0 = Release|x64
		{0EC5C5BB-1A28-4B76-8B80-55216D47CF7A}.Release|x86.ActiveCfg = Release|x86
		{0EC5C5BB-1A28-4B76-8B80-55216D47CF7A}.Release|x86.Build.0 = Release|x86
		{9871478F-66F7-4FF2-B58D-F163F8B4791F}.Debug|Any CPU.ActiveCfg = Debug|Any CPU
		{9871478F-66F7-4FF2-B58D-F163F8B4791F}.Debug|Any CPU.Build.0 = Debug|Any CPU
		{9871478F-66F7-4FF2-B58D-F163F8B4791F}.Debug|x64.ActiveCfg = Debug|x64
		{9871478F-66F7-4FF2-B58D-F163F8B4791F}.Debug|x64.Build.0 = Debug|x64
		{9871478F-66F7-4FF2-B58D-F163F8B4791F}.Debug|x86.ActiveCfg = Debug|x86
		{9871478F-66F7-4FF2-B58D-F163F8B4791F}.Debug|x86.Build.0 = Debug|x86
		{9871478F-66F7-4FF2-B58D-F163F8B4791F}.Release|Any CPU.ActiveCfg = Release|Any CPU
		{9871478F-66F7-4FF2-B58D-F163F8B4791F}.Release|Any CPU.Build.0 = Release|Any CPU
		{9871478F-66F7-4FF2-B58D-F163F8B4791F}.Release|x64.ActiveCfg = Release|x64
		{9871478F-66F7-4FF2-B58D-F163F8B4791F}.Release|x64.Build.0 = Release|x64
		{9871478F-66F7-4FF2-B58D-F163F8B4791F}.Release|x86.ActiveCfg = Release|x86
		{9871478F-66F7-4FF2-B58D-F163F8B4791F}.Release|x86.Build.0 = Release|x86
		{93BF19AB-7805-4628-98BB-62914552D587}.Debug|Any CPU.ActiveCfg = Debug|Any CPU
		{93BF19AB-7805-4628-98BB-62914552D587}.Debug|Any CPU.Build.0 = Debug|Any CPU
		{93BF19AB-7805-4628-98BB-62914552D587}.Debug|x64.ActiveCfg = Debug|Any CPU
		{93BF19AB-7805-4628-98BB-62914552D587}.Debug|x64.Build.0 = Debug|Any CPU
		{93BF19AB-7805-4628-98BB-62914552D587}.Debug|x86.ActiveCfg = Debug|Any CPU
		{93BF19AB-7805-4628-98BB-62914552D587}.Debug|x86.Build.0 = Debug|Any CPU
		{93BF19AB-7805-4628-98BB-62914552D587}.Release|Any CPU.ActiveCfg = Release|Any CPU
		{93BF19AB-7805-4628-98BB-62914552D587}.Release|Any CPU.Build.0 = Release|Any CPU
		{93BF19AB-7805-4628-98BB-62914552D587}.Release|x64.ActiveCfg = Release|Any CPU
		{93BF19AB-7805-4628-98BB-62914552D587}.Release|x64.Build.0 = Release|Any CPU
		{93BF19AB-7805-4628-98BB-62914552D587}.Release|x86.ActiveCfg = Release|Any CPU
		{93BF19AB-7805-4628-98BB-62914552D587}.Release|x86.Build.0 = Release|Any CPU
	EndGlobalSection
	GlobalSection(NestedProjects) = preSolution
		{93BF19AB-7805-4628-98BB-62914552D587} = {DCB6DBC1-8667-4043-BD98-636D71730EB0}
		{9871478F-66F7-4FF2-B58D-F163F8B4791F} = {DCB6DBC1-8667-4043-BD98-636D71730EB0}
		{0EC5C5BB-1A28-4B76-8B80-55216D47CF7A} = {DCB6DBC1-8667-4043-BD98-636D71730EB0}
		{96702256-B9E4-45DA-B575-7E3A52289091} = {A2AA0787-FB2E-45FA-B20D-B6B259981E1B}
		{3BCB9381-56A4-411E-8B6A-464E0B8EE277} = {A2AA0787-FB2E-45FA-B20D-B6B259981E1B}
		{FAD3F1DE-741E-46D7-83D7-53DF755B9A6C} = {A2AA0787-FB2E-45FA-B20D-B6B259981E1B}
		{283E6519-311C-4D64-B15E-DAC7F00A08DC} = {A2AA0787-FB2E-45FA-B20D-B6B259981E1B}
		{77471663-DE6B-4C5F-A31E-B31DB34235B0} = {A2AA0787-FB2E-45FA-B20D-B6B259981E1B}
		{948646C9-E935-41F8-B515-C3E9A91FD8F4} = {971EFA14-45DD-4B22-8579-A91248643DDA}
		{B7474C27-131E-4669-B017-C45669120486} = {971EFA14-45DD-4B22-8579-A91248643DDA}
		{162CA58F-8D11-4545-9ADC-B5E44EFC1A9C} = {971EFA14-45DD-4B22-8579-A91248643DDA}
		{DD9BFD35-8D8F-4A7E-810C-6CACC06DF1A3} = {971EFA14-45DD-4B22-8579-A91248643DDA}
	EndGlobalSection
EndGlobal
